
Microsoft Visual Studio Solution File, Format Version 12.00
# Visual Studio 15
VisualStudioVersion = 15.0.28010.2019
MinimumVisualStudioVersion = 10.0.40219.1
Project("{FAE04EC0-301F-11D3-BF4B-00C04F79EFBC}") = "interface", "interface\interface.csproj", "{B77A5D2D-B428-4AE7-A2C0-75C9AB084F47}"
EndProject
Global
	GlobalSection(SolutionConfigurationPlatforms) = preSolution
		Debug|Any CPU = Debug|Any CPU
		Release|Any CPU = Release|Any CPU
	EndGlobalSection
	GlobalSection(ProjectConfigurationPlatforms) = postSolution
		{B77A5D2D-B428-4AE7-A2C0-75C9AB084F47}.Debug|Any CPU.ActiveCfg = Debug|Any CPU
		{B77A5D2D-B428-4AE7-A2C0-75C9AB084F47}.Debug|Any CPU.Build.0 = Debug|Any CPU
		{B77A5D2D-B428-4AE7-A2C0-75C9AB084F47}.Release|Any CPU.ActiveCfg = Release|Any CPU
		{B77A5D2D-B428-4AE7-A2C0-75C9AB084F47}.Release|Any CPU.Build.0 = Release|Any CPU
	EndGlobalSection
	GlobalSection(SolutionProperties) = preSolution
		HideSolutionNode = FALSE
	EndGlobalSection
	GlobalSection(ExtensibilityGlobals) = postSolution
		SolutionGuid = {BE71D1F1-D705-48A4-AFD3-05E00E9B4E04}
	EndGlobalSection
EndGlobal
